# This file is automatically @generated by Cargo.
# It is not intended for manual editing.
version = 4

[[package]]
name = "acpi"
version = "5.2.0"
source = "registry+https://github.com/rust-lang/crates.io-index"
checksum = "94476c7ef97af4c4d998b3f422c1b01d5211aad57c80ed200baf148d1f1efab6"
dependencies = [
 "bit_field",
 "bitflags 2.10.0",
 "log",
]

[[package]]
name = "aho-corasick"
version = "1.1.4"
source = "registry+https://github.com/rust-lang/crates.io-index"
checksum = "ddd31a130427c27518df266943a5308ed92d4b226cc639f5a8f1002816174301"
dependencies = [
 "memchr",
]

[[package]]
name = "allocator-api2"
version = "0.2.21"
source = "registry+https://github.com/rust-lang/crates.io-index"
checksum = "683d7910e743518b0e34f1186f92494becacb047c7b6bf616c96772180fef923"

[[package]]
name = "assoc"
version = "0.1.3"
source = "registry+https://github.com/rust-lang/crates.io-index"
checksum = "bfdc70193dadb9d7287fa4b633f15f90c876915b31f6af17da307fc59c9859a8"

[[package]]
name = "autocfg"
version = "1.5.0"
source = "registry+https://github.com/rust-lang/crates.io-index"
checksum = "c08606f8c3cbf4ce6ec8e28fb0014a2c086708fe954eaa885384a6165172e7e8"

[[package]]
name = "az"
version = "1.2.1"
source = "registry+https://github.com/rust-lang/crates.io-index"
checksum = "7b7e4c2464d97fe331d41de9d5db0def0a96f4d823b8b32a2efd503578988973"

[[package]]
name = "bit_field"
version = "0.10.3"
source = "registry+https://github.com/rust-lang/crates.io-index"
checksum = "1e4b40c7323adcfc0a41c4b88143ed58346ff65a288fc144329c5c45e05d70c6"

[[package]]
name = "bitflags"
version = "1.3.2"
source = "registry+https://github.com/rust-lang/crates.io-index"
checksum = "bef38d45163c2f1dde094a7dfd33ccf595c92905c8f8f4fdc18d06fb1037718a"

[[package]]
name = "bitflags"
version = "2.10.0"
source = "registry+https://github.com/rust-lang/crates.io-index"
checksum = "812e12b5285cc515a9c72a5c1d3b6d46a19dac5acfef5265968c166106e31dd3"

[[package]]
name = "bitvec"
version = "1.0.1"
source = "registry+https://github.com/rust-lang/crates.io-index"
checksum = "1bc2832c24239b0141d5674bb9174f9d68a8b5b3f2753311927c172ca46f7e9c"
dependencies = [
 "funty",
 "radium",
 "tap",
 "wyz",
]

[[package]]
name = "byteorder"
version = "1.5.0"
source = "registry+https://github.com/rust-lang/crates.io-index"
checksum = "1fd0f2584146f6f2ef48085050886acf353beff7305ebd1ae69500e27c67f64b"

[[package]]
name = "cc"
version = "1.2.51"
source = "registry+https://github.com/rust-lang/crates.io-index"
checksum = "7a0aeaff4ff1a90589618835a598e545176939b97874f7abc7851caa0618f203"
dependencies = [
 "find-msvc-tools",
 "shlex",
]

[[package]]
name = "cfg-if"
version = "1.0.4"
source = "registry+https://github.com/rust-lang/crates.io-index"
checksum = "9330f8b2ff13f34540b44e946ef35111825727b38d33286ef986142615121801"

[[package]]
name = "conquer-once"
version = "0.4.0"
source = "registry+https://github.com/rust-lang/crates.io-index"
checksum = "5d008a441c0f269f36ca13712528069a86a3e60dffee1d98b976eb3b0b2160b4"
dependencies = [
 "conquer-util",
]

[[package]]
name = "conquer-util"
version = "0.3.0"
source = "registry+https://github.com/rust-lang/crates.io-index"
checksum = "e763eef8846b13b380f37dfecda401770b0ca4e56e95170237bd7c25c7db3582"

[[package]]
name = "const_fn"
version = "0.4.11"
source = "registry+https://github.com/rust-lang/crates.io-index"
checksum = "2f8a2ca5ac02d09563609681103aada9e1777d54fc57a5acd7a41404f9c93b6e"

[[package]]
name = "crossbeam"
version = "0.8.4"
source = "registry+https://github.com/rust-lang/crates.io-index"
checksum = "1137cd7e7fc0fb5d3c5a8678be38ec56e819125d8d7907411fe24ccb943faca8"
dependencies = [
 "crossbeam-epoch",
 "crossbeam-queue",
 "crossbeam-utils",
]

[[package]]
name = "crossbeam-epoch"
version = "0.9.18"
source = "registry+https://github.com/rust-lang/crates.io-index"
checksum = "5b82ac4a3c2ca9c3460964f020e1402edd5753411d7737aa39c3714ad1b5420e"
dependencies = [
 "crossbeam-utils",
]

[[package]]
name = "crossbeam-queue"
version = "0.3.12"
source = "registry+https://github.com/rust-lang/crates.io-index"
checksum = "0f58bbc28f91df819d0aa2a2c00cd19754769c2fad90579b3592b1c9ba7a3115"
dependencies = [
 "crossbeam-utils",
]

[[package]]
name = "crossbeam-utils"
version = "0.8.21"
source = "registry+https://github.com/rust-lang/crates.io-index"
checksum = "d0a5c400df2834b80a4c3327b3aad3a4c4cd4de0629063962b03235697506a28"

[[package]]
name = "elf"
version = "0.8.0"
source = "registry+https://github.com/rust-lang/crates.io-index"
checksum = "55dd888a213fc57e957abf2aa305ee3e8a28dbe05687a251f33b637cd46b0070"

[[package]]
name = "embedded-graphics"
version = "0.8.1"
source = "registry+https://github.com/rust-lang/crates.io-index"
checksum = "0649998afacf6d575d126d83e68b78c0ab0e00ca2ac7e9b3db11b4cbe8274ef0"
dependencies = [
 "az",
 "byteorder",
 "embedded-graphics-core",
 "float-cmp",
 "micromath",
]

[[package]]
name = "embedded-graphics-core"
version = "0.4.0"
source = "registry+https://github.com/rust-lang/crates.io-index"
checksum = "ba9ecd261f991856250d2207f6d8376946cd9f412a2165d3b75bc87a0bc7a044"
dependencies = [
 "az",
 "byteorder",
]

[[package]]
name = "equivalent"
version = "1.0.2"
source = "registry+https://github.com/rust-lang/crates.io-index"
checksum = "877a4ace8713b0bcf2a4e7eec82529c029f1d0619886d18145fea96c3ffe5c0f"

[[package]]
name = "find-msvc-tools"
version = "0.1.6"
source = "registry+https://github.com/rust-lang/crates.io-index"
checksum = "645cbb3a84e60b7531617d5ae4e57f7e27308f6445f5abf653209ea76dec8dff"

[[package]]
name = "float-cmp"
version = "0.9.0"
source = "registry+https://github.com/rust-lang/crates.io-index"
checksum = "98de4bbd547a563b716d8dfa9aad1cb19bfab00f4fa09a6a4ed21dbcf44ce9c4"
dependencies = [
 "num-traits",
]

[[package]]
name = "foldhash"
version = "0.1.5"
source = "registry+https://github.com/rust-lang/crates.io-index"
checksum = "d9c4f5dac5e15c24eb999c26181a6ca40b39fe946cbe4c263c7209467bc83af2"

[[package]]
name = "funty"
version = "2.0.0"
source = "registry+https://github.com/rust-lang/crates.io-index"
checksum = "e6d5a32815ae3f33302d95fdcb2ce17862f8c65363dcfd29360480ba1001fc9c"

[[package]]
name = "generator"
version = "0.8.8"
source = "registry+https://github.com/rust-lang/crates.io-index"
checksum = "52f04ae4152da20c76fe800fa48659201d5cf627c5149ca0b707b69d7eef6cf9"
dependencies = [
 "cc",
 "cfg-if",
 "libc",
 "log",
 "rustversion",
 "windows-link",
 "windows-result",
]

[[package]]
name = "getrandom"
version = "0.2.16"
source = "registry+https://github.com/rust-lang/crates.io-index"
checksum = "335ff9f135e4384c8150d6f27c6daed433577f86b4750418338c01a1a2528592"
dependencies = [
 "cfg-if",
 "libc",
 "wasi",
]

[[package]]
name = "hashbrown"
version = "0.15.5"
source = "registry+https://github.com/rust-lang/crates.io-index"
checksum = "9229cfe53dfd69f0609a49f65461bd93001ea1ef889cd5529dd176593f5338a1"
dependencies = [
 "allocator-api2",
 "equivalent",
 "foldhash",
]

[[package]]
name = "hashbrown"
version = "0.16.1"
source = "registry+https://github.com/rust-lang/crates.io-index"
checksum = "841d1cc9bed7f9236f321df977030373f4a4163ae1a7dbfe1a51a2c1a51d9100"

[[package]]
name = "hex"
version = "0.4.3"
source = "registry+https://github.com/rust-lang/crates.io-index"
checksum = "7f24254aa9a54b5c858eaee2f5bccdb46aaf0e486a595ed5fd8f86ba55232a70"

[[package]]
name = "indexmap"
version = "2.12.1"
source = "registry+https://github.com/rust-lang/crates.io-index"
checksum = "0ad4bb2b565bca0645f4d68c5c9af97fba094e9791da685bf83cb5f3ce74acf2"
dependencies = [
 "equivalent",
 "hashbrown 0.16.1",
]

[[package]]
name = "lazy_static"
version = "1.5.0"
source = "registry+https://github.com/rust-lang/crates.io-index"
checksum = "bbd2bcb4c963f2ddae06a2efc7e9f3591312473c50c6685e1f298068316e66fe"
dependencies = [
 "spin 0.9.8",
]

[[package]]
name = "libc"
version = "0.2.179"
source = "registry+https://github.com/rust-lang/crates.io-index"
checksum = "c5a2d376baa530d1238d133232d15e239abad80d05838b4b59354e5268af431f"

[[package]]
name = "limine"
version = "0.5.0"
source = "registry+https://github.com/rust-lang/crates.io-index"
checksum = "af6d2ee42712e7bd2c787365cd1dab06ef59a61becbf87bec7b32b970bd2594b"
dependencies = [
 "bitflags 2.10.0",
]

[[package]]
name = "linked_list_allocator"
version = "0.10.5"
source = "registry+https://github.com/rust-lang/crates.io-index"
checksum = "9afa463f5405ee81cdb9cc2baf37e08ec7e4c8209442b5d72c04cfb2cd6e6286"
dependencies = [
 "spinning_top",
]

[[package]]
name = "lock_api"
version = "0.4.14"
source = "registry+https://github.com/rust-lang/crates.io-index"
checksum = "224399e74b87b5f3557511d98dff8b14089b3dadafcab6bb93eab67d3aace965"
dependencies = [
 "scopeguard",
]

[[package]]
name = "log"
version = "0.4.29"
source = "registry+https://github.com/rust-lang/crates.io-index"
checksum = "5e5032e24019045c762d3c0f28f5b6b8bbf38563a65908389bf7978758920897"

[[package]]
name = "loom"
version = "0.7.2"
source = "registry+https://github.com/rust-lang/crates.io-index"
checksum = "419e0dc8046cb947daa77eb95ae174acfbddb7673b4151f56d1eed8e93fbfaca"
dependencies = [
 "cfg-if",
 "generator",
 "scoped-tls",
 "tracing",
 "tracing-subscriber",
]

[[package]]
name = "macro-tests"
version = "0.1.0"
dependencies = [
 "os_macros",
 "tiny_os_common",
]

[[package]]
name = "matchers"
version = "0.2.0"
source = "registry+https://github.com/rust-lang/crates.io-index"
checksum = "d1525a2a28c7f4fa0fc98bb91ae755d1e2d1505079e05539e35bc876b5d65ae9"
dependencies = [
 "regex-automata",
]

[[package]]
name = "memchr"
version = "2.7.6"
source = "registry+https://github.com/rust-lang/crates.io-index"
checksum = "f52b00d39961fc5b2736ea853c9cc86238e165017a493d1d5c8eac6bdc4cc273"

[[package]]
name = "micromath"
version = "2.1.0"
source = "registry+https://github.com/rust-lang/crates.io-index"
checksum = "c3c8dda44ff03a2f238717214da50f65d5a53b45cd213a7370424ffdb6fae815"

[[package]]
name = "nblf-queue"
version = "0.1.0"
source = "git+https://github.com/lmeller-git/nblf-queue#70095c42d931a4d7d33e4a135849ccb73da5163b"
dependencies = [
 "loom",
 "portable-atomic",
 "shuttle",
]

[[package]]
name = "nu-ansi-term"
version = "0.50.3"
source = "registry+https://github.com/rust-lang/crates.io-index"
checksum = "7957b9740744892f114936ab4a57b3f487491bbeafaf8083688b16841a4240e5"
dependencies = [
 "windows-sys",
]

[[package]]
name = "num-traits"
version = "0.2.19"
source = "registry+https://github.com/rust-lang/crates.io-index"
checksum = "071dfc062690e90b734c0b2273ce72ad0ffa95f0c74596bc250dcfd960262841"
dependencies = [
 "autocfg",
]

[[package]]
name = "once_cell"
version = "1.21.3"
source = "registry+https://github.com/rust-lang/crates.io-index"
checksum = "42f5e15c9953c5e4ccceeb2e7382a716482c34515315f7b03532b8b4e8393d2d"

[[package]]
name = "os_macros"
version = "0.1.0"
dependencies = [
 "proc-macro2",
 "quote",
 "serde",
 "syn",
 "tiny_os_common",
 "toml",
]

[[package]]
name = "owo-colors"
version = "3.5.0"
source = "registry+https://github.com/rust-lang/crates.io-index"
checksum = "c1b04fb49957986fdce4d6ee7a65027d55d4b6d2265e5848bbb507b58ccfdb6f"

[[package]]
name = "pc-keyboard"
version = "0.8.0"
source = "registry+https://github.com/rust-lang/crates.io-index"
checksum = "f0ca629cbb3f0d5b699c338f0129ff78c9bfd7ea8b1258ad529bff490dc8ed5a"

[[package]]
name = "pic8259"
version = "0.11.0"
source = "registry+https://github.com/rust-lang/crates.io-index"
checksum = "62d9a86c292b165f757e47e7fd66855def189b2564609bc4203727b27c33db22"
dependencies = [
 "x86_64",
]

[[package]]
name = "pin-project-lite"
version = "0.2.16"
source = "registry+https://github.com/rust-lang/crates.io-index"
checksum = "3b3cff922bd51709b605d9ead9aa71031d81447142d828eb4a6eba76fe619f9b"

[[package]]
name = "portable-atomic"
version = "1.13.0"
source = "registry+https://github.com/rust-lang/crates.io-index"
checksum = "f89776e4d69bb58bc6993e99ffa1d11f228b839984854c7daeb5d37f87cbe950"

[[package]]
name = "ppv-lite86"
version = "0.2.21"
source = "registry+https://github.com/rust-lang/crates.io-index"
checksum = "85eae3c4ed2f50dcfe72643da4befc30deadb458a9b590d720cde2f2b1e97da9"
dependencies = [
 "zerocopy",
]

[[package]]
name = "proc-macro2"
version = "1.0.105"
source = "registry+https://github.com/rust-lang/crates.io-index"
checksum = "535d180e0ecab6268a3e718bb9fd44db66bbbc256257165fc699dadf70d16fe7"
dependencies = [
 "unicode-ident",
]

[[package]]
name = "quote"
version = "1.0.43"
source = "registry+https://github.com/rust-lang/crates.io-index"
checksum = "dc74d9a594b72ae6656596548f56f667211f8a97b3d4c3d467150794690dc40a"
dependencies = [
 "proc-macro2",
]

[[package]]
name = "radium"
version = "0.7.0"
source = "registry+https://github.com/rust-lang/crates.io-index"
checksum = "dc33ff2d4973d518d823d61aa239014831e521c75da58e3df4840d3f47749d09"

[[package]]
name = "rand"
version = "0.8.5"
source = "registry+https://github.com/rust-lang/crates.io-index"
checksum = "34af8d1a0e25924bc5b7c43c079c942339d8f0a8b57c39049bef581b46327404"
dependencies = [
 "libc",
 "rand_chacha",
 "rand_core",
]

[[package]]
name = "rand_chacha"
version = "0.3.1"
source = "registry+https://github.com/rust-lang/crates.io-index"
checksum = "e6c10a63a0fa32252be49d21e7709d4d4baf8d231c2dbce1eaa8141b9b127d88"
dependencies = [
 "ppv-lite86",
 "rand_core",
]

[[package]]
name = "rand_core"
version = "0.6.4"
source = "registry+https://github.com/rust-lang/crates.io-index"
checksum = "ec0be4795e2f6a28069bec0b5ff3e2ac9bafc99e6a9a7dc3547996c5c816922c"
dependencies = [
 "getrandom",
]

[[package]]
name = "rand_pcg"
version = "0.3.1"
source = "registry+https://github.com/rust-lang/crates.io-index"
checksum = "59cad018caf63deb318e5a4586d99a24424a364f40f1e5778c29aca23f4fc73e"
dependencies = [
 "rand_core",
]

[[package]]
name = "raw-cpuid"
version = "10.7.0"
source = "registry+https://github.com/rust-lang/crates.io-index"
checksum = "6c297679cb867470fa8c9f67dbba74a78d78e3e98d7cf2b08d6d71540f797332"
dependencies = [
 "bitflags 1.3.2",
]

[[package]]
name = "raw-cpuid"
version = "11.6.0"
source = "registry+https://github.com/rust-lang/crates.io-index"
checksum = "498cd0dc59d73224351ee52a95fee0f1a617a2eae0e7d9d720cc622c73a54186"
dependencies = [
 "bitflags 2.10.0",
]

[[package]]
name = "regex-automata"
version = "0.4.13"
source = "registry+https://github.com/rust-lang/crates.io-index"
checksum = "5276caf25ac86c8d810222b3dbb938e512c55c6831a10f3e6ed1c93b84041f1c"
dependencies = [
 "aho-corasick",
 "memchr",
 "regex-syntax",
]

[[package]]
name = "regex-syntax"
version = "0.8.8"
source = "registry+https://github.com/rust-lang/crates.io-index"
checksum = "7a2d987857b319362043e95f5353c0535c1f58eec5336fdfcf626430af7def58"

[[package]]
name = "rustversion"
version = "1.0.22"
source = "registry+https://github.com/rust-lang/crates.io-index"
checksum = "b39cdef0fa800fc44525c84ccb54a029961a8215f9619753635a9c0d2538d46d"

[[package]]
name = "scoped-tls"
version = "1.0.1"
source = "registry+https://github.com/rust-lang/crates.io-index"
checksum = "e1cf6437eb19a8f4a6cc0f7dca544973b0b78843adbfeb3683d1a94a0024a294"

[[package]]
name = "scopeguard"
version = "1.2.0"
source = "registry+https://github.com/rust-lang/crates.io-index"
checksum = "94143f37725109f92c262ed2cf5e59bce7498c01bcc1502d7b9afe439a4e9f49"

[[package]]
name = "serde"
version = "1.0.228"
source = "registry+https://github.com/rust-lang/crates.io-index"
checksum = "9a8e94ea7f378bd32cbbd37198a4a91436180c5bb472411e48b5ec2e2124ae9e"
dependencies = [
 "serde_core",
 "serde_derive",
]

[[package]]
name = "serde_core"
version = "1.0.228"
source = "registry+https://github.com/rust-lang/crates.io-index"
checksum = "41d385c7d4ca58e59fc732af25c3983b67ac852c1a25000afe1175de458b67ad"
dependencies = [
 "serde_derive",
]

[[package]]
name = "serde_derive"
version = "1.0.228"
source = "registry+https://github.com/rust-lang/crates.io-index"
checksum = "d540f220d3187173da220f885ab66608367b6574e925011a9353e4badda91d79"
dependencies = [
 "proc-macro2",
 "quote",
 "syn",
]

[[package]]
name = "serde_spanned"
version = "0.6.9"
source = "registry+https://github.com/rust-lang/crates.io-index"
checksum = "bf41e0cfaf7226dca15e8197172c295a782857fcb97fad1808a166870dee75a3"
dependencies = [
 "serde",
]

[[package]]
name = "sharded-slab"
version = "0.1.7"
source = "registry+https://github.com/rust-lang/crates.io-index"
checksum = "f40ca3c46823713e0d4209592e8d6e826aa57e928f09752619fc696c499637f6"
dependencies = [
 "lazy_static",
]

[[package]]
name = "shlex"
version = "1.3.0"
source = "registry+https://github.com/rust-lang/crates.io-index"
checksum = "0fda2ff0d084019ba4d7c6f371c95d8fd75ce3524c3cb8fb653a3023f6323e64"

[[package]]
name = "shuttle"
version = "0.8.1"
source = "registry+https://github.com/rust-lang/crates.io-index"
checksum = "2ab17edba38d63047f46780cf7360acf7467fec2c048928689a5c1dd1c2b4e31"
dependencies = [
 "assoc",
 "bitvec",
 "cfg-if",
 "generator",
 "hex",
 "owo-colors",
 "rand",
 "rand_core",
 "rand_pcg",
 "scoped-tls",
 "smallvec",
 "tracing",
]

[[package]]
name = "smallvec"
version = "1.15.1"
source = "registry+https://github.com/rust-lang/crates.io-index"
checksum = "67b1b7a3b5fe4f1376887184045fcf45c69e92af734b7aaddc05fb777b6fbd03"

[[package]]
name = "spin"
version = "0.9.8"
source = "registry+https://github.com/rust-lang/crates.io-index"
checksum = "6980e8d7511241f8acf4aebddbb1ff938df5eebe98691418c4468d0b72a96a67"

[[package]]
name = "spin"
version = "0.10.0"
source = "registry+https://github.com/rust-lang/crates.io-index"
checksum = "d5fe4ccb98d9c292d56fec89a5e07da7fc4cf0dc11e156b41793132775d3e591"
dependencies = [
 "lock_api",
]

[[package]]
name = "spinning_top"
version = "0.2.5"
source = "registry+https://github.com/rust-lang/crates.io-index"
checksum = "5b9eb1a2f4c41445a3a0ff9abc5221c5fcd28e1f13cd7c0397706f9ac938ddb0"
dependencies = [
 "lock_api",
]

[[package]]
name = "syn"
version = "2.0.114"
source = "registry+https://github.com/rust-lang/crates.io-index"
checksum = "d4d107df263a3013ef9b1879b0df87d706ff80f65a86ea879bd9c31f9b307c2a"
dependencies = [
 "proc-macro2",
 "quote",
 "unicode-ident",
]

[[package]]
name = "tap"
version = "1.0.1"
source = "registry+https://github.com/rust-lang/crates.io-index"
checksum = "55937e1799185b12863d447f42597ed69d9928686b8d88a1df17376a097d8369"

[[package]]
name = "thiserror"
version = "2.0.17"
source = "registry+https://github.com/rust-lang/crates.io-index"
checksum = "f63587ca0f12b72a0600bcba1d40081f830876000bb46dd2337a3051618f4fc8"
dependencies = [
 "thiserror-impl",
]

[[package]]
name = "thiserror-impl"
version = "2.0.17"
source = "registry+https://github.com/rust-lang/crates.io-index"
checksum = "3ff15c8ecd7de3849db632e14d18d2571fa09dfc5ed93479bc4485c7a517c913"
dependencies = [
 "proc-macro2",
 "quote",
 "syn",
]

[[package]]
name = "thread_local"
version = "1.1.9"
source = "registry+https://github.com/rust-lang/crates.io-index"
checksum = "f60246a4944f24f6e018aa17cdeffb7818b76356965d03b07d6a9886e8962185"
dependencies = [
 "cfg-if",
]

[[package]]
name = "tiny_os"
version = "0.1.0"
dependencies = [
 "acpi",
 "bitflags 2.10.0",
 "cfg-if",
 "conquer-once",
 "crossbeam",
 "elf",
 "embedded-graphics",
 "hashbrown 0.15.5",
 "indexmap",
 "lazy_static",
 "limine",
 "linked_list_allocator",
 "lock_api",
 "nblf-queue",
 "once_cell",
 "os_macros",
 "pc-keyboard",
 "pic8259",
 "portable-atomic",
 "raw-cpuid 11.6.0",
 "spin 0.10.0",
 "thiserror",
 "tiny_os_common",
 "tinyos_abi",
 "uart_16550",
 "volatile 0.6.1",
 "x86_64",
]

[[package]]
name = "tiny_os_common"
version = "0.1.0"
dependencies = [
 "serde",
]

[[package]]
name = "tinyos_abi"
version = "0.1.0"
dependencies = [
 "bitflags 2.10.0",
 "x86_64",
]

[[package]]
name = "toml"
version = "0.8.23"
source = "registry+https://github.com/rust-lang/crates.io-index"
checksum = "dc1beb996b9d83529a9e75c17a1686767d148d70663143c7854d8b4a09ced362"
dependencies = [
 "serde",
 "serde_spanned",
 "toml_datetime",
 "toml_edit",
]

[[package]]
name = "toml_datetime"
version = "0.6.11"
source = "registry+https://github.com/rust-lang/crates.io-index"
checksum = "22cddaf88f4fbc13c51aebbf5f8eceb5c7c5a9da2ac40a13519eb5b0a0e8f11c"
dependencies = [
 "serde",
]

[[package]]
name = "toml_edit"
version = "0.22.27"
source = "registry+https://github.com/rust-lang/crates.io-index"
checksum = "41fe8c660ae4257887cf66394862d21dbca4a6ddd26f04a3560410406a2f819a"
dependencies = [
 "indexmap",
 "serde",
 "serde_spanned",
 "toml_datetime",
 "toml_write",
 "winnow",
]

[[package]]
name = "toml_write"
version = "0.1.2"
source = "registry+https://github.com/rust-lang/crates.io-index"
checksum = "5d99f8c9a7727884afe522e9bd5edbfc91a3312b36a77b5fb8926e4c31a41801"

[[package]]
name = "tracing"
version = "0.1.44"
source = "registry+https://github.com/rust-lang/crates.io-index"
checksum = "63e71662fa4b2a2c3a26f570f037eb95bb1f85397f3cd8076caed2f026a6d100"
dependencies = [
 "pin-project-lite",
 "tracing-core",
]

[[package]]
name = "tracing-core"
version = "0.1.36"
source = "registry+https://github.com/rust-lang/crates.io-index"
checksum = "db97caf9d906fbde555dd62fa95ddba9eecfd14cb388e4f491a66d74cd5fb79a"
dependencies = [
 "once_cell",
 "valuable",
]

[[package]]
name = "tracing-log"
version = "0.2.0"
source = "registry+https://github.com/rust-lang/crates.io-index"
checksum = "ee855f1f400bd0e5c02d150ae5de3840039a3f54b025156404e34c23c03f47c3"
dependencies = [
 "log",
 "once_cell",
 "tracing-core",
]

[[package]]
name = "tracing-subscriber"
version = "0.3.22"
source = "registry+https://github.com/rust-lang/crates.io-index"
checksum = "2f30143827ddab0d256fd843b7a66d164e9f271cfa0dde49142c5ca0ca291f1e"
dependencies = [
 "matchers",
 "nu-ansi-term",
 "once_cell",
 "regex-automata",
 "sharded-slab",
 "smallvec",
 "thread_local",
 "tracing",
 "tracing-core",
 "tracing-log",
]

[[package]]
name = "uart_16550"
version = "0.3.2"
source = "registry+https://github.com/rust-lang/crates.io-index"
checksum = "e492212ac378a5e00da953718dafb1340d9fbaf4f27d6f3c5cab03d931d1c049"
dependencies = [
 "bitflags 2.10.0",
 "rustversion",
 "x86",
]

[[package]]
name = "unicode-ident"
version = "1.0.22"
source = "registry+https://github.com/rust-lang/crates.io-index"
checksum = "9312f7c4f6ff9069b165498234ce8be658059c6728633667c526e27dc2cf1df5"

[[package]]
name = "valuable"
version = "0.1.1"
source = "registry+https://github.com/rust-lang/crates.io-index"
checksum = "ba73ea9cf16a25df0c8caa16c51acb937d5712a8429db78a3ee29d5dcacd3a65"

[[package]]
name = "volatile"
version = "0.4.6"
source = "registry+https://github.com/rust-lang/crates.io-index"
checksum = "442887c63f2c839b346c192d047a7c87e73d0689c9157b00b53dcc27dd5ea793"

[[package]]
name = "volatile"
version = "0.6.1"
source = "registry+https://github.com/rust-lang/crates.io-index"
checksum = "af8ca9a5d4debca0633e697c88269395493cebf2e10db21ca2dbde37c1356452"

[[package]]
name = "wasi"
version = "0.11.1+wasi-snapshot-preview1"
source = "registry+https://github.com/rust-lang/crates.io-index"
checksum = "ccf3ec651a847eb01de73ccad15eb7d99f80485de043efb2f370cd654f4ea44b"

[[package]]
name = "windows-link"
version = "0.2.1"
source = "registry+https://github.com/rust-lang/crates.io-index"
checksum = "f0805222e57f7521d6a62e36fa9163bc891acd422f971defe97d64e70d0a4fe5"

[[package]]
name = "windows-result"
version = "0.4.1"
source = "registry+https://github.com/rust-lang/crates.io-index"
checksum = "7781fa89eaf60850ac3d2da7af8e5242a5ea78d1a11c49bf2910bb5a73853eb5"
dependencies = [
 "windows-link",
]

[[package]]
name = "windows-sys"
version = "0.61.2"
source = "registry+https://github.com/rust-lang/crates.io-index"
checksum = "ae137229bcbd6cdf0f7b80a31df61766145077ddf49416a728b02cb3921ff3fc"
dependencies = [
 "windows-link",
]

[[package]]
name = "winnow"
version = "0.7.14"
source = "registry+https://github.com/rust-lang/crates.io-index"
checksum = "5a5364e9d77fcdeeaa6062ced926ee3381faa2ee02d3eb83a5c27a8825540829"
dependencies = [
 "memchr",
]

[[package]]
name = "wyz"
version = "0.5.1"
source = "registry+https://github.com/rust-lang/crates.io-index"
checksum = "05f360fc0b24296329c78fda852a1e9ae82de9cf7b27dae4b7f62f118f77b9ed"
dependencies = [
 "tap",
]

[[package]]
name = "x86"
version = "0.52.0"
source = "registry+https://github.com/rust-lang/crates.io-index"
checksum = "2781db97787217ad2a2845c396a5efe286f87467a5810836db6d74926e94a385"
dependencies = [
 "bit_field",
 "bitflags 1.3.2",
 "raw-cpuid 10.7.0",
]

[[package]]
name = "x86_64"
version = "0.15.4"
source = "registry+https://github.com/rust-lang/crates.io-index"
checksum = "f7841fa0098ceb15c567d93d3fae292c49e10a7662b4936d5f6a9728594555ba"
dependencies = [
 "bit_field",
 "bitflags 2.10.0",
 "const_fn",
 "rustversion",
 "volatile 0.4.6",
]

[[package]]
name = "zerocopy"
version = "0.8.32"
source = "registry+https://github.com/rust-lang/crates.io-index"
checksum = "1fabae64378cb18147bb18bca364e63bdbe72a0ffe4adf0addfec8aa166b2c56"
dependencies = [
 "zerocopy-derive",
]

[[package]]
name = "zerocopy-derive"
version = "0.8.32"
source = "registry+https://github.com/rust-lang/crates.io-index"
checksum = "c9c2d862265a8bb4471d87e033e730f536e2a285cc7cb05dbce09a2a97075f90"
dependencies = [
 "proc-macro2",
 "quote",
 "syn",
]
